// !$*UTF8*$!
{
	archiveVersion = 1;
	classes = {
	};
	objectVersion = 56;
	objects = {

/* Begin PBXBuildFile section */
		CE89CE222A25CB050002473D /* AppDelegate.swift in Sources */ = {isa = PBXBuildFile; fileRef = CE89CE212A25CB050002473D /* AppDelegate.swift */; };
		CE89CE2C2A25CB050002473D /* CurrencyConverter.xcdatamodeld in Sources */ = {isa = PBXBuildFile; fileRef = CE89CE2A2A25CB050002473D /* CurrencyConverter.xcdatamodeld */; };
		CE89CE2E2A25CB080002473D /* Assets.xcassets in Resources */ = {isa = PBXBuildFile; fileRef = CE89CE2D2A25CB080002473D /* Assets.xcassets */; };
		CE89CE5F2A25CE210002473D /* CurrencyListLocalDataManager.swift in Sources */ = {isa = PBXBuildFile; fileRef = CE89CE402A25CE200002473D /* CurrencyListLocalDataManager.swift */; };
		CE89CE602A25CE210002473D /* CurrencyListAPIDataManager.swift in Sources */ = {isa = PBXBuildFile; fileRef = CE89CE422A25CE200002473D /* CurrencyListAPIDataManager.swift */; };
		CE89CE612A25CE210002473D /* CurrencyListPresenter.swift in Sources */ = {isa = PBXBuildFile; fileRef = CE89CE442A25CE200002473D /* CurrencyListPresenter.swift */; };
		CE89CE622A25CE210002473D /* CurrencyListRouter.swift in Sources */ = {isa = PBXBuildFile; fileRef = CE89CE462A25CE200002473D /* CurrencyListRouter.swift */; };
		CE89CE632A25CE210002473D /* CurrencyListView.swift in Sources */ = {isa = PBXBuildFile; fileRef = CE89CE482A25CE200002473D /* CurrencyListView.swift */; };
		CE89CE642A25CE210002473D /* CurrencyListProtocols.swift in Sources */ = {isa = PBXBuildFile; fileRef = CE89CE4A2A25CE200002473D /* CurrencyListProtocols.swift */; };
		CE89CE662A25CE210002473D /* CurrencyListInteractor.swift in Sources */ = {isa = PBXBuildFile; fileRef = CE89CE4D2A25CE200002473D /* CurrencyListInteractor.swift */; };
		CE89CE672A25CE210002473D /* ConverterLocalDataManager.swift in Sources */ = {isa = PBXBuildFile; fileRef = CE89CE512A25CE210002473D /* ConverterLocalDataManager.swift */; };
		CE89CE682A25CE210002473D /* ConverterAPIDataManager.swift in Sources */ = {isa = PBXBuildFile; fileRef = CE89CE532A25CE210002473D /* ConverterAPIDataManager.swift */; };
		CE89CE692A25CE210002473D /* ConverterPresenter.swift in Sources */ = {isa = PBXBuildFile; fileRef = CE89CE552A25CE210002473D /* ConverterPresenter.swift */; };
		CE89CE6A2A25CE210002473D /* ConverterRouter.swift in Sources */ = {isa = PBXBuildFile; fileRef = CE89CE572A25CE210002473D /* ConverterRouter.swift */; };
		CE89CE6C2A25CE210002473D /* ConverterProtocols.swift in Sources */ = {isa = PBXBuildFile; fileRef = CE89CE5B2A25CE210002473D /* ConverterProtocols.swift */; };
		CE89CE6E2A25CE210002473D /* ConverterInteractor.swift in Sources */ = {isa = PBXBuildFile; fileRef = CE89CE5E2A25CE210002473D /* ConverterInteractor.swift */; };
		CE89CE702A25CF5C0002473D /* AppCoordinator.swift in Sources */ = {isa = PBXBuildFile; fileRef = CE89CE6F2A25CF5C0002473D /* AppCoordinator.swift */; };
		CE89CE722A25DB090002473D /* Common.swift in Sources */ = {isa = PBXBuildFile; fileRef = CE89CE712A25DB090002473D /* Common.swift */; };
		CE89CE752A25DBA10002473D /* String+Extension.swift in Sources */ = {isa = PBXBuildFile; fileRef = CE89CE742A25DBA10002473D /* String+Extension.swift */; };
		CE89CE772A25DBC10002473D /* UIColor+Extension.swift in Sources */ = {isa = PBXBuildFile; fileRef = CE89CE762A25DBC10002473D /* UIColor+Extension.swift */; };
		CE89CE792A25DBFC0002473D /* UIViewController+Extension.swift in Sources */ = {isa = PBXBuildFile; fileRef = CE89CE782A25DBFC0002473D /* UIViewController+Extension.swift */; };
		CE89CE7F2A25DE9C0002473D /* ConverterView.xib in Resources */ = {isa = PBXBuildFile; fileRef = CE89CE7E2A25DE9C0002473D /* ConverterView.xib */; };
		CE89CE812A25DF010002473D /* ConverterView.swift in Sources */ = {isa = PBXBuildFile; fileRef = CE89CE802A25DF010002473D /* ConverterView.swift */; };
		CE89CE842A25DFE30002473D /* HapticManager.swift in Sources */ = {isa = PBXBuildFile; fileRef = CE89CE832A25DFE30002473D /* HapticManager.swift */; };
		CE89CE862A25E1150002473D /* AlertManager.swift in Sources */ = {isa = PBXBuildFile; fileRef = CE89CE852A25E1150002473D /* AlertManager.swift */; };
		CE89CE882A25E1690002473D /* AnimationManager.swift in Sources */ = {isa = PBXBuildFile; fileRef = CE89CE872A25E1690002473D /* AnimationManager.swift */; };
		CE89CE8C2A25E5380002473D /* CurrencyListView.xib in Resources */ = {isa = PBXBuildFile; fileRef = CE89CE8B2A25E5380002473D /* CurrencyListView.xib */; };
		CE89CE8E2A25E7E90002473D /* BaseRouter.swift in Sources */ = {isa = PBXBuildFile; fileRef = CE89CE8D2A25E7E90002473D /* BaseRouter.swift */; };
		CE89CE942A262FCE0002473D /* ConvertibleCurrency.swift in Sources */ = {isa = PBXBuildFile; fileRef = CE89CE932A262FCE0002473D /* ConvertibleCurrency.swift */; };
		CE89CE972A2642A70002473D /* Currency.swift in Sources */ = {isa = PBXBuildFile; fileRef = CE89CE962A2642A70002473D /* Currency.swift */; };
		CEF8BEAE2A275F3E00F58150 /* CustomView.swift in Sources */ = {isa = PBXBuildFile; fileRef = CEF8BEAD2A275F3E00F58150 /* CustomView.swift */; };
		CEF8BEB12A275F6D00F58150 /* CustomView.xib in Resources */ = {isa = PBXBuildFile; fileRef = CEF8BEB02A275F6D00F58150 /* CustomView.xib */; };
		CEF8BEB42A2854CB00F58150 /* UIFont+Extension.swift in Sources */ = {isa = PBXBuildFile; fileRef = CEF8BEB32A2854CB00F58150 /* UIFont+Extension.swift */; };
		CEF8BEB72A28557E00F58150 /* Localizable.strings in Resources */ = {isa = PBXBuildFile; fileRef = CEF8BEB62A28557E00F58150 /* Localizable.strings */; };
		CEF8BEBA2A2855A800F58150 /* OpenSans-SemiBold.ttf in Resources */ = {isa = PBXBuildFile; fileRef = CEF8BEB92A2855A800F58150 /* OpenSans-SemiBold.ttf */; };
		CEF8BEBC2A285E1B00F58150 /* UINavigationItem.swift in Sources */ = {isa = PBXBuildFile; fileRef = CEF8BEBB2A285E1B00F58150 /* UINavigationItem.swift */; };
		CEF8BEBF2A285F6D00F58150 /* CurrencyListCell.swift in Sources */ = {isa = PBXBuildFile; fileRef = CEF8BEBD2A285F6D00F58150 /* CurrencyListCell.swift */; };
		CEF8BEC02A285F6D00F58150 /* CurrencyListCell.xib in Resources */ = {isa = PBXBuildFile; fileRef = CEF8BEBE2A285F6D00F58150 /* CurrencyListCell.xib */; };
		CEF8BEC42A288F6300F58150 /* DataManager.swift in Sources */ = {isa = PBXBuildFile; fileRef = CEF8BEC32A288F6300F58150 /* DataManager.swift */; };
		CEF8BEC62A28902A00F58150 /* Date.swift in Sources */ = {isa = PBXBuildFile; fileRef = CEF8BEC52A28902A00F58150 /* Date.swift */; };
		CEF8BECB2A289A7100F58150 /* CachedData.swift in Sources */ = {isa = PBXBuildFile; fileRef = CEF8BECA2A289A7100F58150 /* CachedData.swift */; };
/* End PBXBuildFile section */

/* Begin PBXFileReference section */
		CE89CE1E2A25CB050002473D /* CurrencyConverter.app */ = {isa = PBXFileReference; explicitFileType = wrapper.application; includeInIndex = 0; path = CurrencyConverter.app; sourceTree = BUILT_PRODUCTS_DIR; };
		CE89CE212A25CB050002473D /* AppDelegate.swift */ = {isa = PBXFileReference; lastKnownFileType = sourcecode.swift; path = AppDelegate.swift; sourceTree = "<group>"; };
		CE89CE2B2A25CB050002473D /* CurrencyConverter.xcdatamodel */ = {isa = PBXFileReference; lastKnownFileType = wrapper.xcdatamodel; path = CurrencyConverter.xcdatamodel; sourceTree = "<group>"; };
		CE89CE2D2A25CB080002473D /* Assets.xcassets */ = {isa = PBXFileReference; lastKnownFileType = folder.assetcatalog; path = Assets.xcassets; sourceTree = "<group>"; };
		CE89CE322A25CB080002473D /* Info.plist */ = {isa = PBXFileReference; lastKnownFileType = text.plist.xml; path = Info.plist; sourceTree = "<group>"; };
		CE89CE402A25CE200002473D /* CurrencyListLocalDataManager.swift */ = {isa = PBXFileReference; fileEncoding = 4; lastKnownFileType = sourcecode.swift; path = CurrencyListLocalDataManager.swift; sourceTree = "<group>"; };
		CE89CE422A25CE200002473D /* CurrencyListAPIDataManager.swift */ = {isa = PBXFileReference; fileEncoding = 4; lastKnownFileType = sourcecode.swift; path = CurrencyListAPIDataManager.swift; sourceTree = "<group>"; };
		CE89CE442A25CE200002473D /* CurrencyListPresenter.swift */ = {isa = PBXFileReference; fileEncoding = 4; lastKnownFileType = sourcecode.swift; path = CurrencyListPresenter.swift; sourceTree = "<group>"; };
		CE89CE462A25CE200002473D /* CurrencyListRouter.swift */ = {isa = PBXFileReference; fileEncoding = 4; lastKnownFileType = sourcecode.swift; path = CurrencyListRouter.swift; sourceTree = "<group>"; };
		CE89CE482A25CE200002473D /* CurrencyListView.swift */ = {isa = PBXFileReference; fileEncoding = 4; lastKnownFileType = sourcecode.swift; path = CurrencyListView.swift; sourceTree = "<group>"; };
		CE89CE4A2A25CE200002473D /* CurrencyListProtocols.swift */ = {isa = PBXFileReference; fileEncoding = 4; lastKnownFileType = sourcecode.swift; path = CurrencyListProtocols.swift; sourceTree = "<group>"; };
		CE89CE4D2A25CE200002473D /* CurrencyListInteractor.swift */ = {isa = PBXFileReference; fileEncoding = 4; lastKnownFileType = sourcecode.swift; path = CurrencyListInteractor.swift; sourceTree = "<group>"; };
		CE89CE512A25CE210002473D /* ConverterLocalDataManager.swift */ = {isa = PBXFileReference; fileEncoding = 4; lastKnownFileType = sourcecode.swift; path = ConverterLocalDataManager.swift; sourceTree = "<group>"; };
		CE89CE532A25CE210002473D /* ConverterAPIDataManager.swift */ = {isa = PBXFileReference; fileEncoding = 4; lastKnownFileType = sourcecode.swift; path = ConverterAPIDataManager.swift; sourceTree = "<group>"; };
		CE89CE552A25CE210002473D /* ConverterPresenter.swift */ = {isa = PBXFileReference; fileEncoding = 4; lastKnownFileType = sourcecode.swift; path = ConverterPresenter.swift; sourceTree = "<group>"; };
		CE89CE572A25CE210002473D /* ConverterRouter.swift */ = {isa = PBXFileReference; fileEncoding = 4; lastKnownFileType = sourcecode.swift; path = ConverterRouter.swift; sourceTree = "<group>"; };
		CE89CE5B2A25CE210002473D /* ConverterProtocols.swift */ = {isa = PBXFileReference; fileEncoding = 4; lastKnownFileType = sourcecode.swift; path = ConverterProtocols.swift; sourceTree = "<group>"; };
		CE89CE5E2A25CE210002473D /* ConverterInteractor.swift */ = {isa = PBXFileReference; fileEncoding = 4; lastKnownFileType = sourcecode.swift; path = ConverterInteractor.swift; sourceTree = "<group>"; };
		CE89CE6F2A25CF5C0002473D /* AppCoordinator.swift */ = {isa = PBXFileReference; lastKnownFileType = sourcecode.swift; path = AppCoordinator.swift; sourceTree = "<group>"; };
		CE89CE712A25DB090002473D /* Common.swift */ = {isa = PBXFileReference; lastKnownFileType = sourcecode.swift; path = Common.swift; sourceTree = "<group>"; };
		CE89CE742A25DBA10002473D /* String+Extension.swift */ = {isa = PBXFileReference; lastKnownFileType = sourcecode.swift; path = "String+Extension.swift"; sourceTree = "<group>"; };
		CE89CE762A25DBC10002473D /* UIColor+Extension.swift */ = {isa = PBXFileReference; lastKnownFileType = sourcecode.swift; path = "UIColor+Extension.swift"; sourceTree = "<group>"; };
		CE89CE782A25DBFC0002473D /* UIViewController+Extension.swift */ = {isa = PBXFileReference; lastKnownFileType = sourcecode.swift; path = "UIViewController+Extension.swift"; sourceTree = "<group>"; };
		CE89CE7E2A25DE9C0002473D /* ConverterView.xib */ = {isa = PBXFileReference; lastKnownFileType = file.xib; path = ConverterView.xib; sourceTree = "<group>"; };
		CE89CE802A25DF010002473D /* ConverterView.swift */ = {isa = PBXFileReference; fileEncoding = 4; lastKnownFileType = sourcecode.swift; path = ConverterView.swift; sourceTree = "<group>"; };
		CE89CE832A25DFE30002473D /* HapticManager.swift */ = {isa = PBXFileReference; lastKnownFileType = sourcecode.swift; path = HapticManager.swift; sourceTree = "<group>"; };
		CE89CE852A25E1150002473D /* AlertManager.swift */ = {isa = PBXFileReference; lastKnownFileType = sourcecode.swift; path = AlertManager.swift; sourceTree = "<group>"; };
		CE89CE872A25E1690002473D /* AnimationManager.swift */ = {isa = PBXFileReference; lastKnownFileType = sourcecode.swift; path = AnimationManager.swift; sourceTree = "<group>"; };
		CE89CE8B2A25E5380002473D /* CurrencyListView.xib */ = {isa = PBXFileReference; lastKnownFileType = file.xib; path = CurrencyListView.xib; sourceTree = "<group>"; };
		CE89CE8D2A25E7E90002473D /* BaseRouter.swift */ = {isa = PBXFileReference; lastKnownFileType = sourcecode.swift; path = BaseRouter.swift; sourceTree = "<group>"; };
		CE89CE932A262FCE0002473D /* ConvertibleCurrency.swift */ = {isa = PBXFileReference; lastKnownFileType = sourcecode.swift; path = ConvertibleCurrency.swift; sourceTree = "<group>"; };
		CE89CE962A2642A70002473D /* Currency.swift */ = {isa = PBXFileReference; lastKnownFileType = sourcecode.swift; path = Currency.swift; sourceTree = "<group>"; };
		CEF8BEAD2A275F3E00F58150 /* CustomView.swift */ = {isa = PBXFileReference; lastKnownFileType = sourcecode.swift; path = CustomView.swift; sourceTree = "<group>"; };
		CEF8BEB02A275F6D00F58150 /* CustomView.xib */ = {isa = PBXFileReference; lastKnownFileType = file.xib; path = CustomView.xib; sourceTree = "<group>"; };
		CEF8BEB32A2854CB00F58150 /* UIFont+Extension.swift */ = {isa = PBXFileReference; lastKnownFileType = sourcecode.swift; path = "UIFont+Extension.swift"; sourceTree = "<group>"; };
		CEF8BEB62A28557E00F58150 /* Localizable.strings */ = {isa = PBXFileReference; lastKnownFileType = text.plist.strings; path = Localizable.strings; sourceTree = "<group>"; };
		CEF8BEB92A2855A800F58150 /* OpenSans-SemiBold.ttf */ = {isa = PBXFileReference; lastKnownFileType = file; path = "OpenSans-SemiBold.ttf"; sourceTree = "<group>"; };
		CEF8BEBB2A285E1B00F58150 /* UINavigationItem.swift */ = {isa = PBXFileReference; lastKnownFileType = sourcecode.swift; path = UINavigationItem.swift; sourceTree = "<group>"; };
		CEF8BEBD2A285F6D00F58150 /* CurrencyListCell.swift */ = {isa = PBXFileReference; lastKnownFileType = sourcecode.swift; path = CurrencyListCell.swift; sourceTree = "<group>"; };
		CEF8BEBE2A285F6D00F58150 /* CurrencyListCell.xib */ = {isa = PBXFileReference; lastKnownFileType = file.xib; path = CurrencyListCell.xib; sourceTree = "<group>"; };
		CEF8BEC32A288F6300F58150 /* DataManager.swift */ = {isa = PBXFileReference; lastKnownFileType = sourcecode.swift; path = DataManager.swift; sourceTree = "<group>"; };
		CEF8BEC52A28902A00F58150 /* Date.swift */ = {isa = PBXFileReference; lastKnownFileType = sourcecode.swift; path = Date.swift; sourceTree = "<group>"; };
		CEF8BECA2A289A7100F58150 /* CachedData.swift */ = {isa = PBXFileReference; lastKnownFileType = sourcecode.swift; path = CachedData.swift; sourceTree = "<group>"; };
/* End PBXFileReference section */

/* Begin PBXFrameworksBuildPhase section */
		CE89CE1B2A25CB050002473D /* Frameworks */ = {
			isa = PBXFrameworksBuildPhase;
			buildActionMask = 2147483647;
			files = (
			);
			runOnlyForDeploymentPostprocessing = 0;
		};
/* End PBXFrameworksBuildPhase section */

/* Begin PBXGroup section */
		CE89CE152A25CB050002473D = {
			isa = PBXGroup;
			children = (
				CE89CE202A25CB050002473D /* CurrencyConverter */,
				CE89CE1F2A25CB050002473D /* Products */,
			);
			sourceTree = "<group>";
		};
		CE89CE1F2A25CB050002473D /* Products */ = {
			isa = PBXGroup;
			children = (
				CE89CE1E2A25CB050002473D /* CurrencyConverter.app */,
			);
			name = Products;
			sourceTree = "<group>";
		};
		CE89CE202A25CB050002473D /* CurrencyConverter */ = {
			isa = PBXGroup;
			children = (
				CE89CE922A25F8D10002473D /* DataBase */,
				CE89CE392A25CCED0002473D /* Classes */,
				CE89CE3C2A25CD3F0002473D /* Resouces */,
				CE89CE3B2A25CD2A0002473D /* SupportedFiles */,
			);
			path = CurrencyConverter;
			sourceTree = "<group>";
		};
		CE89CE382A25CCDF0002473D /* Modules */ = {
			isa = PBXGroup;
			children = (
				CE89CE4E2A25CE210002473D /* Converter */,
				CE89CE3D2A25CE200002473D /* CurrencyList */,
			);
			path = Modules;
			sourceTree = "<group>";
		};
		CE89CE392A25CCED0002473D /* Classes */ = {
			isa = PBXGroup;
			children = (
				CE89CE212A25CB050002473D /* AppDelegate.swift */,
				CE89CE6F2A25CF5C0002473D /* AppCoordinator.swift */,
				CE89CE822A25DFB80002473D /* Managers */,
				CE89CE3A2A25CD190002473D /* Common */,
				CE89CE732A25DB860002473D /* Extensions */,
				CE89CE382A25CCDF0002473D /* Modules */,
			);
			path = Classes;
			sourceTree = "<group>";
		};
		CE89CE3A2A25CD190002473D /* Common */ = {
			isa = PBXGroup;
			children = (
				CEF8BEAC2A275F1100F58150 /* CustomUI */,
				CE89CE712A25DB090002473D /* Common.swift */,
				CE89CE8D2A25E7E90002473D /* BaseRouter.swift */,
			);
			path = Common;
			sourceTree = "<group>";
		};
		CE89CE3B2A25CD2A0002473D /* SupportedFiles */ = {
			isa = PBXGroup;
			children = (
				CE89CE322A25CB080002473D /* Info.plist */,
			);
			path = SupportedFiles;
			sourceTree = "<group>";
		};
		CE89CE3C2A25CD3F0002473D /* Resouces */ = {
			isa = PBXGroup;
			children = (
				CEF8BEB82A28558700F58150 /* Fonts */,
				CEF8BEB52A28557000F58150 /* Localizable */,
				CE89CE2D2A25CB080002473D /* Assets.xcassets */,
			);
			path = Resouces;
			sourceTree = "<group>";
		};
		CE89CE3D2A25CE200002473D /* CurrencyList */ = {
			isa = PBXGroup;
			children = (
				CE89CE472A25CE200002473D /* View */,
				CE89CE4B2A25CE200002473D /* Interactor */,
				CE89CE432A25CE200002473D /* Presenter */,
				CE89CE492A25CE200002473D /* Protocols */,
				CE89CE452A25CE200002473D /* Router */,
				CE89CE3E2A25CE200002473D /* DataManager */,
			);
			path = CurrencyList;
			sourceTree = "<group>";
		};
		CE89CE3E2A25CE200002473D /* DataManager */ = {
			isa = PBXGroup;
			children = (
				CE89CE3F2A25CE200002473D /* Local */,
				CE89CE412A25CE200002473D /* API */,
			);
			path = DataManager;
			sourceTree = "<group>";
		};
		CE89CE3F2A25CE200002473D /* Local */ = {
			isa = PBXGroup;
			children = (
				CE89CE402A25CE200002473D /* CurrencyListLocalDataManager.swift */,
			);
			path = Local;
			sourceTree = "<group>";
		};
		CE89CE412A25CE200002473D /* API */ = {
			isa = PBXGroup;
			children = (
				CE89CE422A25CE200002473D /* CurrencyListAPIDataManager.swift */,
			);
			path = API;
			sourceTree = "<group>";
		};
		CE89CE432A25CE200002473D /* Presenter */ = {
			isa = PBXGroup;
			children = (
				CE89CE442A25CE200002473D /* CurrencyListPresenter.swift */,
			);
			path = Presenter;
			sourceTree = "<group>";
		};
		CE89CE452A25CE200002473D /* Router */ = {
			isa = PBXGroup;
			children = (
				CE89CE462A25CE200002473D /* CurrencyListRouter.swift */,
			);
			path = Router;
			sourceTree = "<group>";
		};
		CE89CE472A25CE200002473D /* View */ = {
			isa = PBXGroup;
			children = (
				CE89CE482A25CE200002473D /* CurrencyListView.swift */,
				CE89CE8B2A25E5380002473D /* CurrencyListView.xib */,
				CEF8BEC12A285F7200F58150 /* Cell */,
			);
			path = View;
			sourceTree = "<group>";
		};
		CE89CE492A25CE200002473D /* Protocols */ = {
			isa = PBXGroup;
			children = (
				CE89CE4A2A25CE200002473D /* CurrencyListProtocols.swift */,
			);
			path = Protocols;
			sourceTree = "<group>";
		};
		CE89CE4B2A25CE200002473D /* Interactor */ = {
			isa = PBXGroup;
			children = (
				CE89CE4D2A25CE200002473D /* CurrencyListInteractor.swift */,
				CE89CE962A2642A70002473D /* Currency.swift */,
			);
			path = Interactor;
			sourceTree = "<group>";
		};
		CE89CE4E2A25CE210002473D /* Converter */ = {
			isa = PBXGroup;
			children = (
				CE89CE582A25CE210002473D /* View */,
				CE89CE5C2A25CE210002473D /* Interactor */,
				CE89CE542A25CE210002473D /* Presenter */,
				CE89CE5A2A25CE210002473D /* Protocols */,
				CE89CE562A25CE210002473D /* Router */,
				CE89CE4F2A25CE210002473D /* DataManager */,
			);
			path = Converter;
			sourceTree = "<group>";
		};
		CE89CE4F2A25CE210002473D /* DataManager */ = {
			isa = PBXGroup;
			children = (
				CE89CE502A25CE210002473D /* Local */,
				CE89CE522A25CE210002473D /* API */,
			);
			path = DataManager;
			sourceTree = "<group>";
		};
		CE89CE502A25CE210002473D /* Local */ = {
			isa = PBXGroup;
			children = (
				CE89CE512A25CE210002473D /* ConverterLocalDataManager.swift */,
			);
			path = Local;
			sourceTree = "<group>";
		};
		CE89CE522A25CE210002473D /* API */ = {
			isa = PBXGroup;
			children = (
				CE89CE532A25CE210002473D /* ConverterAPIDataManager.swift */,
			);
			path = API;
			sourceTree = "<group>";
		};
		CE89CE542A25CE210002473D /* Presenter */ = {
			isa = PBXGroup;
			children = (
				CE89CE552A25CE210002473D /* ConverterPresenter.swift */,
			);
			path = Presenter;
			sourceTree = "<group>";
		};
		CE89CE562A25CE210002473D /* Router */ = {
			isa = PBXGroup;
			children = (
				CE89CE572A25CE210002473D /* ConverterRouter.swift */,
			);
			path = Router;
			sourceTree = "<group>";
		};
		CE89CE582A25CE210002473D /* View */ = {
			isa = PBXGroup;
			children = (
				CE89CE802A25DF010002473D /* ConverterView.swift */,
				CE89CE7E2A25DE9C0002473D /* ConverterView.xib */,
			);
			path = View;
			sourceTree = "<group>";
		};
		CE89CE5A2A25CE210002473D /* Protocols */ = {
			isa = PBXGroup;
			children = (
				CE89CE5B2A25CE210002473D /* ConverterProtocols.swift */,
			);
			path = Protocols;
			sourceTree = "<group>";
		};
		CE89CE5C2A25CE210002473D /* Interactor */ = {
			isa = PBXGroup;
			children = (
				CE89CE5E2A25CE210002473D /* ConverterInteractor.swift */,
				CE89CE932A262FCE0002473D /* ConvertibleCurrency.swift */,
			);
			path = Interactor;
			sourceTree = "<group>";
		};
		CE89CE732A25DB860002473D /* Extensions */ = {
			isa = PBXGroup;
			children = (
				CEF8BEB22A2854B400F58150 /* UIFont */,
				CE89CE912A25ECA60002473D /* String */,
				CE89CE902A25EC9F0002473D /* UIColor */,
				CE89CE8F2A25EC980002473D /* UIView */,
				CEF8BEC82A28908300F58150 /* UINavigationItem */,
				CEF8BEC72A28907500F58150 /* Date */,
			);
			path = Extensions;
			sourceTree = "<group>";
		};
		CE89CE822A25DFB80002473D /* Managers */ = {
			isa = PBXGroup;
			children = (
				CE89CE832A25DFE30002473D /* HapticManager.swift */,
				CE89CE852A25E1150002473D /* AlertManager.swift */,
				CE89CE872A25E1690002473D /* AnimationManager.swift */,
			);
			path = Managers;
			sourceTree = "<group>";
		};
		CE89CE8F2A25EC980002473D /* UIView */ = {
			isa = PBXGroup;
			children = (
				CE89CE782A25DBFC0002473D /* UIViewController+Extension.swift */,
			);
			path = UIView;
			sourceTree = "<group>";
		};
		CE89CE902A25EC9F0002473D /* UIColor */ = {
			isa = PBXGroup;
			children = (
				CE89CE762A25DBC10002473D /* UIColor+Extension.swift */,
			);
			path = UIColor;
			sourceTree = "<group>";
		};
		CE89CE912A25ECA60002473D /* String */ = {
			isa = PBXGroup;
			children = (
				CE89CE742A25DBA10002473D /* String+Extension.swift */,
			);
			path = String;
			sourceTree = "<group>";
		};
		CE89CE922A25F8D10002473D /* DataBase */ = {
			isa = PBXGroup;
			children = (
				CE89CE2A2A25CB050002473D /* CurrencyConverter.xcdatamodeld */,
				CEF8BEC92A289A3D00F58150 /* DataManager */,
			);
			path = DataBase;
			sourceTree = "<group>";
		};
		CEF8BEAC2A275F1100F58150 /* CustomUI */ = {
			isa = PBXGroup;
			children = (
				CEF8BEAF2A275F5B00F58150 /* CustomView */,
			);
			path = CustomUI;
			sourceTree = "<group>";
		};
		CEF8BEAF2A275F5B00F58150 /* CustomView */ = {
			isa = PBXGroup;
			children = (
				CEF8BEAD2A275F3E00F58150 /* CustomView.swift */,
				CEF8BEB02A275F6D00F58150 /* CustomView.xib */,
			);
			path = CustomView;
			sourceTree = "<group>";
		};
		CEF8BEB22A2854B400F58150 /* UIFont */ = {
			isa = PBXGroup;
			children = (
				CEF8BEB32A2854CB00F58150 /* UIFont+Extension.swift */,
			);
			path = UIFont;
			sourceTree = "<group>";
		};
		CEF8BEB52A28557000F58150 /* Localizable */ = {
			isa = PBXGroup;
			children = (
				CEF8BEB62A28557E00F58150 /* Localizable.strings */,
			);
			path = Localizable;
			sourceTree = "<group>";
		};
		CEF8BEB82A28558700F58150 /* Fonts */ = {
			isa = PBXGroup;
			children = (
				CEF8BEB92A2855A800F58150 /* OpenSans-SemiBold.ttf */,
			);
			path = Fonts;
			sourceTree = "<group>";
		};
		CEF8BEC12A285F7200F58150 /* Cell */ = {
			isa = PBXGroup;
			children = (
				CEF8BEBD2A285F6D00F58150 /* CurrencyListCell.swift */,
				CEF8BEBE2A285F6D00F58150 /* CurrencyListCell.xib */,
			);
			path = Cell;
			sourceTree = "<group>";
		};
		CEF8BEC72A28907500F58150 /* Date */ = {
			isa = PBXGroup;
			children = (
				CEF8BEC52A28902A00F58150 /* Date.swift */,
			);
			path = Date;
			sourceTree = "<group>";
		};
		CEF8BEC82A28908300F58150 /* UINavigationItem */ = {
			isa = PBXGroup;
			children = (
				CEF8BEBB2A285E1B00F58150 /* UINavigationItem.swift */,
			);
			path = UINavigationItem;
			sourceTree = "<group>";
		};
		CEF8BEC92A289A3D00F58150 /* DataManager */ = {
			isa = PBXGroup;
			children = (
				CEF8BEC32A288F6300F58150 /* DataManager.swift */,
				CEF8BECA2A289A7100F58150 /* CachedData.swift */,
			);
			path = DataManager;
			sourceTree = "<group>";
		};
/* End PBXGroup section */

/* Begin PBXNativeTarget section */
		CE89CE1D2A25CB050002473D /* CurrencyConverter */ = {
			isa = PBXNativeTarget;
			buildConfigurationList = CE89CE352A25CB080002473D /* Build configuration list for PBXNativeTarget "CurrencyConverter" */;
			buildPhases = (
				CE89CE1A2A25CB050002473D /* Sources */,
				CE89CE1B2A25CB050002473D /* Frameworks */,
				CE89CE1C2A25CB050002473D /* Resources */,
			);
			buildRules = (
			);
			dependencies = (
			);
			name = CurrencyConverter;
			productName = CurrencyConverter;
			productReference = CE89CE1E2A25CB050002473D /* CurrencyConverter.app */;
			productType = "com.apple.product-type.application";
		};
/* End PBXNativeTarget section */

/* Begin PBXProject section */
		CE89CE162A25CB050002473D /* Project object */ = {
			isa = PBXProject;
			attributes = {
				BuildIndependentTargetsInParallel = 1;
				LastSwiftUpdateCheck = 1410;
				LastUpgradeCheck = 1410;
				TargetAttributes = {
					CE89CE1D2A25CB050002473D = {
						CreatedOnToolsVersion = 14.1;
					};
				};
			};
			buildConfigurationList = CE89CE192A25CB050002473D /* Build configuration list for PBXProject "CurrencyConverter" */;
			compatibilityVersion = "Xcode 14.0";
			developmentRegion = en;
			hasScannedForEncodings = 0;
			knownRegions = (
				en,
				Base,
			);
			mainGroup = CE89CE152A25CB050002473D;
			productRefGroup = CE89CE1F2A25CB050002473D /* Products */;
			projectDirPath = "";
			projectRoot = "";
			targets = (
				CE89CE1D2A25CB050002473D /* CurrencyConverter */,
			);
		};
/* End PBXProject section */

/* Begin PBXResourcesBuildPhase section */
		CE89CE1C2A25CB050002473D /* Resources */ = {
			isa = PBXResourcesBuildPhase;
			buildActionMask = 2147483647;
			files = (
				CEF8BEC02A285F6D00F58150 /* CurrencyListCell.xib in Resources */,
				CEF8BEB72A28557E00F58150 /* Localizable.strings in Resources */,
				CE89CE2E2A25CB080002473D /* Assets.xcassets in Resources */,
				CEF8BEB12A275F6D00F58150 /* CustomView.xib in Resources */,
				CE89CE8C2A25E5380002473D /* CurrencyListView.xib in Resources */,
				CEF8BEBA2A2855A800F58150 /* OpenSans-SemiBold.ttf in Resources */,
				CE89CE7F2A25DE9C0002473D /* ConverterView.xib in Resources */,
			);
			runOnlyForDeploymentPostprocessing = 0;
		};
/* End PBXResourcesBuildPhase section */

/* Begin PBXSourcesBuildPhase section */
		CE89CE1A2A25CB050002473D /* Sources */ = {
			isa = PBXSourcesBuildPhase;
			buildActionMask = 2147483647;
			files = (
				CE89CE6C2A25CE210002473D /* ConverterProtocols.swift in Sources */,
				CE89CE752A25DBA10002473D /* String+Extension.swift in Sources */,
				CE89CE2C2A25CB050002473D /* CurrencyConverter.xcdatamodeld in Sources */,
				CE89CE772A25DBC10002473D /* UIColor+Extension.swift in Sources */,
				CEF8BEBC2A285E1B00F58150 /* UINavigationItem.swift in Sources */,
				CE89CE662A25CE210002473D /* CurrencyListInteractor.swift in Sources */,
				CE89CE222A25CB050002473D /* AppDelegate.swift in Sources */,
				CE89CE792A25DBFC0002473D /* UIViewController+Extension.swift in Sources */,
				CE89CE702A25CF5C0002473D /* AppCoordinator.swift in Sources */,
				CE89CE942A262FCE0002473D /* ConvertibleCurrency.swift in Sources */,
				CE89CE812A25DF010002473D /* ConverterView.swift in Sources */,
				CEF8BEAE2A275F3E00F58150 /* CustomView.swift in Sources */,
				CE89CE842A25DFE30002473D /* HapticManager.swift in Sources */,
				CE89CE972A2642A70002473D /* Currency.swift in Sources */,
				CE89CE8E2A25E7E90002473D /* BaseRouter.swift in Sources */,
				CE89CE642A25CE210002473D /* CurrencyListProtocols.swift in Sources */,
				CE89CE722A25DB090002473D /* Common.swift in Sources */,
				CE89CE692A25CE210002473D /* ConverterPresenter.swift in Sources */,
				CE89CE672A25CE210002473D /* ConverterLocalDataManager.swift in Sources */,
				CEF8BECB2A289A7100F58150 /* CachedData.swift in Sources */,
				CEF8BEC42A288F6300F58150 /* DataManager.swift in Sources */,
				CEF8BEB42A2854CB00F58150 /* UIFont+Extension.swift in Sources */,
				CE89CE632A25CE210002473D /* CurrencyListView.swift in Sources */,
				CE89CE882A25E1690002473D /* AnimationManager.swift in Sources */,
				CEF8BEC62A28902A00F58150 /* Date.swift in Sources */,
				CE89CE862A25E1150002473D /* AlertManager.swift in Sources */,
				CE89CE602A25CE210002473D /* CurrencyListAPIDataManager.swift in Sources */,
				CEF8BEBF2A285F6D00F58150 /* CurrencyListCell.swift in Sources */,
				CE89CE622A25CE210002473D /* CurrencyListRouter.swift in Sources */,
				CE89CE6E2A25CE210002473D /* ConverterInteractor.swift in Sources */,
				CE89CE612A25CE210002473D /* CurrencyListPresenter.swift in Sources */,
				CE89CE5F2A25CE210002473D /* CurrencyListLocalDataManager.swift in Sources */,
				CE89CE682A25CE210002473D /* ConverterAPIDataManager.swift in Sources */,
				CE89CE6A2A25CE210002473D /* ConverterRouter.swift in Sources */,
			);
			runOnlyForDeploymentPostprocessing = 0;
		};
/* End PBXSourcesBuildPhase section */

/* Begin XCBuildConfiguration section */
		CE89CE332A25CB080002473D /* Debug */ = {
			isa = XCBuildConfiguration;
			buildSettings = {
				ALWAYS_SEARCH_USER_PATHS = NO;
				CLANG_ANALYZER_NONNULL = YES;
				CLANG_ANALYZER_NUMBER_OBJECT_CONVERSION = YES_AGGRESSIVE;
				CLANG_CXX_LANGUAGE_STANDARD = "gnu++20";
				CLANG_ENABLE_MODULES = YES;
				CLANG_ENABLE_OBJC_ARC = YES;
				CLANG_ENABLE_OBJC_WEAK = YES;
				CLANG_WARN_BLOCK_CAPTURE_AUTORELEASING = YES;
				CLANG_WARN_BOOL_CONVERSION = YES;
				CLANG_WARN_COMMA = YES;
				CLANG_WARN_CONSTANT_CONVERSION = YES;
				CLANG_WARN_DEPRECATED_OBJC_IMPLEMENTATIONS = YES;
				CLANG_WARN_DIRECT_OBJC_ISA_USAGE = YES_ERROR;
				CLANG_WARN_DOCUMENTATION_COMMENTS = YES;
				CLANG_WARN_EMPTY_BODY = YES;
				CLANG_WARN_ENUM_CONVERSION = YES;
				CLANG_WARN_INFINITE_RECURSION = YES;
				CLANG_WARN_INT_CONVERSION = YES;
				CLANG_WARN_NON_LITERAL_NULL_CONVERSION = YES;
				CLANG_WARN_OBJC_IMPLICIT_RETAIN_SELF = YES;
				CLANG_WARN_OBJC_LITERAL_CONVERSION = YES;
				CLANG_WARN_OBJC_ROOT_CLASS = YES_ERROR;
				CLANG_WARN_QUOTED_INCLUDE_IN_FRAMEWORK_HEADER = YES;
				CLANG_WARN_RANGE_LOOP_ANALYSIS = YES;
				CLANG_WARN_STRICT_PROTOTYPES = YES;
				CLANG_WARN_SUSPICIOUS_MOVE = YES;
				CLANG_WARN_UNGUARDED_AVAILABILITY = YES_AGGRESSIVE;
				CLANG_WARN_UNREACHABLE_CODE = YES;
				CLANG_WARN__DUPLICATE_METHOD_MATCH = YES;
				COPY_PHASE_STRIP = NO;
				DEBUG_INFORMATION_FORMAT = dwarf;
				ENABLE_STRICT_OBJC_MSGSEND = YES;
				ENABLE_TESTABILITY = YES;
				GCC_C_LANGUAGE_STANDARD = gnu11;
				GCC_DYNAMIC_NO_PIC = NO;
				GCC_NO_COMMON_BLOCKS = YES;
				GCC_OPTIMIZATION_LEVEL = 0;
				GCC_PREPROCESSOR_DEFINITIONS = (
					"DEBUG=1",
					"$(inherited)",
				);
				GCC_WARN_64_TO_32_BIT_CONVERSION = YES;
				GCC_WARN_ABOUT_RETURN_TYPE = YES_ERROR;
				GCC_WARN_UNDECLARED_SELECTOR = YES;
				GCC_WARN_UNINITIALIZED_AUTOS = YES_AGGRESSIVE;
				GCC_WARN_UNUSED_FUNCTION = YES;
				GCC_WARN_UNUSED_VARIABLE = YES;
				IPHONEOS_DEPLOYMENT_TARGET = 11.0;
				MTL_ENABLE_DEBUG_INFO = INCLUDE_SOURCE;
				MTL_FAST_MATH = YES;
				ONLY_ACTIVE_ARCH = YES;
				SDKROOT = iphoneos;
				SWIFT_ACTIVE_COMPILATION_CONDITIONS = DEBUG;
				SWIFT_OPTIMIZATION_LEVEL = "-Onone";
			};
			name = Debug;
		};
		CE89CE342A25CB080002473D /* Release */ = {
			isa = XCBuildConfiguration;
			buildSettings = {
				ALWAYS_SEARCH_USER_PATHS = NO;
				CLANG_ANALYZER_NONNULL = YES;
				CLANG_ANALYZER_NUMBER_OBJECT_CONVERSION = YES_AGGRESSIVE;
				CLANG_CXX_LANGUAGE_STANDARD = "gnu++20";
				CLANG_ENABLE_MODULES = YES;
				CLANG_ENABLE_OBJC_ARC = YES;
				CLANG_ENABLE_OBJC_WEAK = YES;
				CLANG_WARN_BLOCK_CAPTURE_AUTORELEASING = YES;
				CLANG_WARN_BOOL_CONVERSION = YES;
				CLANG_WARN_COMMA = YES;
				CLANG_WARN_CONSTANT_CONVERSION = YES;
				CLANG_WARN_DEPRECATED_OBJC_IMPLEMENTATIONS = YES;
				CLANG_WARN_DIRECT_OBJC_ISA_USAGE = YES_ERROR;
				CLANG_WARN_DOCUMENTATION_COMMENTS = YES;
				CLANG_WARN_EMPTY_BODY = YES;
				CLANG_WARN_ENUM_CONVERSION = YES;
				CLANG_WARN_INFINITE_RECURSION = YES;
				CLANG_WARN_INT_CONVERSION = YES;
				CLANG_WARN_NON_LITERAL_NULL_CONVERSION = YES;
				CLANG_WARN_OBJC_IMPLICIT_RETAIN_SELF = YES;
				CLANG_WARN_OBJC_LITERAL_CONVERSION = YES;
				CLANG_WARN_OBJC_ROOT_CLASS = YES_ERROR;
				CLANG_WARN_QUOTED_INCLUDE_IN_FRAMEWORK_HEADER = YES;
				CLANG_WARN_RANGE_LOOP_ANALYSIS = YES;
				CLANG_WARN_STRICT_PROTOTYPES = YES;
				CLANG_WARN_SUSPICIOUS_MOVE = YES;
				CLANG_WARN_UNGUARDED_AVAILABILITY = YES_AGGRESSIVE;
				CLANG_WARN_UNREACHABLE_CODE = YES;
				CLANG_WARN__DUPLICATE_METHOD_MATCH = YES;
				COPY_PHASE_STRIP = NO;
				DEBUG_INFORMATION_FORMAT = "dwarf-with-dsym";
				ENABLE_NS_ASSERTIONS = NO;
				ENABLE_STRICT_OBJC_MSGSEND = YES;
				GCC_C_LANGUAGE_STANDARD = gnu11;
				GCC_NO_COMMON_BLOCKS = YES;
				GCC_WARN_64_TO_32_BIT_CONVERSION = YES;
				GCC_WARN_ABOUT_RETURN_TYPE = YES_ERROR;
				GCC_WARN_UNDECLARED_SELECTOR = YES;
				GCC_WARN_UNINITIALIZED_AUTOS = YES_AGGRESSIVE;
				GCC_WARN_UNUSED_FUNCTION = YES;
				GCC_WARN_UNUSED_VARIABLE = YES;
				IPHONEOS_DEPLOYMENT_TARGET = 11.0;
				MTL_ENABLE_DEBUG_INFO = NO;
				MTL_FAST_MATH = YES;
				SDKROOT = iphoneos;
				SWIFT_COMPILATION_MODE = wholemodule;
				SWIFT_OPTIMIZATION_LEVEL = "-O";
				VALIDATE_PRODUCT = YES;
			};
			name = Release;
		};
		CE89CE362A25CB080002473D /* Debug */ = {
			isa = XCBuildConfiguration;
			buildSettings = {
				ASSETCATALOG_COMPILER_APPICON_NAME = AppIcon;
				ASSETCATALOG_COMPILER_GLOBAL_ACCENT_COLOR_NAME = AccentColor;
				CODE_SIGN_STYLE = Automatic;
				CURRENT_PROJECT_VERSION = 1;
				DEVELOPMENT_TEAM = 3Y42CSS8U6;
				GENERATE_INFOPLIST_FILE = YES;
				INFOPLIST_FILE = CurrencyConverter/SupportedFiles/Info.plist;
				INFOPLIST_KEY_UIApplicationSupportsIndirectInputEvents = YES;
				INFOPLIST_KEY_UILaunchStoryboardName = LaunchScreen;
				INFOPLIST_KEY_UIMainStoryboardFile = "";
				INFOPLIST_KEY_UIStatusBarStyle = UIStatusBarStyleDarkContent;
				INFOPLIST_KEY_UISupportedInterfaceOrientations = UIInterfaceOrientationPortrait;
				INFOPLIST_KEY_UISupportedInterfaceOrientations_iPad = "UIInterfaceOrientationLandscapeLeft UIInterfaceOrientationLandscapeRight UIInterfaceOrientationPortrait UIInterfaceOrientationPortraitUpsideDown";
				IPHONEOS_DEPLOYMENT_TARGET = 11.0;
				LD_RUNPATH_SEARCH_PATHS = (
					"$(inherited)",
					"@executable_path/Frameworks",
				);
				MARKETING_VERSION = 1.0;
				PRODUCT_BUNDLE_IDENTIFIER = Viktoriya.CurrencyConverter;
				PRODUCT_NAME = "$(TARGET_NAME)";
				SUPPORTED_PLATFORMS = "iphoneos iphonesimulator";
				SUPPORTS_MACCATALYST = NO;
				SUPPORTS_MAC_DESIGNED_FOR_IPHONE_IPAD = NO;
				SWIFT_EMIT_LOC_STRINGS = YES;
				SWIFT_VERSION = 5.0;
				TARGETED_DEVICE_FAMILY = 1;
			};
			name = Debug;
		};
		CE89CE372A25CB080002473D /* Release */ = {
			isa = XCBuildConfiguration;
			buildSettings = {
				ASSETCATALOG_COMPILER_APPICON_NAME = AppIcon;
				ASSETCATALOG_COMPILER_GLOBAL_ACCENT_COLOR_NAME = AccentColor;
				CODE_SIGN_STYLE = Automatic;
				CURRENT_PROJECT_VERSION = 1;
				DEVELOPMENT_TEAM = 3Y42CSS8U6;
				GENERATE_INFOPLIST_FILE = YES;
				INFOPLIST_FILE = CurrencyConverter/SupportedFiles/Info.plist;
				INFOPLIST_KEY_UIApplicationSupportsIndirectInputEvents = YES;
				INFOPLIST_KEY_UILaunchStoryboardName = LaunchScreen;
				INFOPLIST_KEY_UIMainStoryboardFile = "";
				INFOPLIST_KEY_UIStatusBarStyle = UIStatusBarStyleDarkContent;
				INFOPLIST_KEY_UISupportedInterfaceOrientations = UIInterfaceOrientationPortrait;
				INFOPLIST_KEY_UISupportedInterfaceOrientations_iPad = "UIInterfaceOrientationLandscapeLeft UIInterfaceOrientationLandscapeRight UIInterfaceOrientationPortrait UIInterfaceOrientationPortraitUpsideDown";
				IPHONEOS_DEPLOYMENT_TARGET = 11.0;
				LD_RUNPATH_SEARCH_PATHS = (
					"$(inherited)",
					"@executable_path/Frameworks",
				);
				MARKETING_VERSION = 1.0;
				PRODUCT_BUNDLE_IDENTIFIER = Viktoriya.CurrencyConverter;
				PRODUCT_NAME = "$(TARGET_NAME)";
				SUPPORTED_PLATFORMS = "iphoneos iphonesimulator";
				SUPPORTS_MACCATALYST = NO;
				SUPPORTS_MAC_DESIGNED_FOR_IPHONE_IPAD = NO;
				SWIFT_EMIT_LOC_STRINGS = YES;
				SWIFT_VERSION = 5.0;
				TARGETED_DEVICE_FAMILY = 1;
			};
			name = Release;
		};
/* End XCBuildConfiguration section */

/* Begin XCConfigurationList section */
		CE89CE192A25CB050002473D /* Build configuration list for PBXProject "CurrencyConverter" */ = {
			isa = XCConfigurationList;
			buildConfigurations = (
				CE89CE332A25CB080002473D /* Debug */,
				CE89CE342A25CB080002473D /* Release */,
			);
			defaultConfigurationIsVisible = 0;
			defaultConfigurationName = Release;
		};
		CE89CE352A25CB080002473D /* Build configuration list for PBXNativeTarget "CurrencyConverter" */ = {
			isa = XCConfigurationList;
			buildConfigurations = (
				CE89CE362A25CB080002473D /* Debug */,
				CE89CE372A25CB080002473D /* Release */,
			);
			defaultConfigurationIsVisible = 0;
			defaultConfigurationName = Release;
		};
/* End XCConfigurationList section */

/* Begin XCVersionGroup section */
		CE89CE2A2A25CB050002473D /* CurrencyConverter.xcdatamodeld */ = {
			isa = XCVersionGroup;
			children = (
				CE89CE2B2A25CB050002473D /* CurrencyConverter.xcdatamodel */,
			);
			currentVersion = CE89CE2B2A25CB050002473D /* CurrencyConverter.xcdatamodel */;
			path = CurrencyConverter.xcdatamodeld;
			sourceTree = "<group>";
			versionGroupType = wrapper.xcdatamodel;
		};
/* End XCVersionGroup section */
	};
	rootObject = CE89CE162A25CB050002473D /* Project object */;
}
